
Microsoft Visual Studio Solution File, Format Version 12.00
# Visual Studio 15
VisualStudioVersion = 15.0.28307.168
MinimumVisualStudioVersion = 10.0.40219.1
Project("{FAE04EC0-301F-11D3-BF4B-00C04F79EFBC}") = "TennisDay30Tests", "TennisDay30Tests\TennisDay30Tests.csproj", "{9638A63E-6950-4158-A070-745BF38ACA42}"
EndProject
Project("{FAE04EC0-301F-11D3-BF4B-00C04F79EFBC}") = "TennisDay30", "TennisDay30\TennisDay30.csproj", "{B1B667F2-4077-4C35-835E-FFAC1F1F73F2}"
EndProject
Global
	GlobalSection(SolutionConfigurationPlatforms) = preSolution
		Debug|Any CPU = Debug|Any CPU
		Release|Any CPU = Release|Any CPU
	EndGlobalSection
	GlobalSection(ProjectConfigurationPlatforms) = postSolution
		{9638A63E-6950-4158-A070-745BF38ACA42}.Debug|Any CPU.ActiveCfg = Debug|Any CPU
		{9638A63E-6950-4158-A070-745BF38ACA42}.Debug|Any CPU.Build.0 = Debug|Any CPU
		{9638A63E-6950-4158-A070-745BF38ACA42}.Release|Any CPU.ActiveCfg = Release|Any CPU
		{9638A63E-6950-4158-A070-745BF38ACA42}.Release|Any CPU.Build.0 = Release|Any CPU
		{B1B667F2-4077-4C35-835E-FFAC1F1F73F2}.Debug|Any CPU.ActiveCfg = Debug|Any CPU
		{B1B667F2-4077-4C35-835E-FFAC1F1F73F2}.Debug|Any CPU.Build.0 = Debug|Any CPU
		{B1B667F2-4077-4C35-835E-FFAC1F1F73F2}.Release|Any CPU.ActiveCfg = Release|Any CPU
		{B1B667F2-4077-4C35-835E-FFAC1F1F73F2}.Release|Any CPU.Build.0 = Release|Any CPU
	EndGlobalSection
	GlobalSection(SolutionProperties) = preSolution
		HideSolutionNode = FALSE
	EndGlobalSection
	GlobalSection(ExtensibilityGlobals) = postSolution
		SolutionGuid = {C83175F0-2AE0-4F53-A4FC-4B64C6C94A92}
	EndGlobalSection
EndGlobal
